
Microsoft Visual Studio Solution File, Format Version 12.00
# Visual Studio Version 17
VisualStudioVersion = 17.7.34031.279
MinimumVisualStudioVersion = 10.0.40219.1
Project("{FAE04EC0-301F-11D3-BF4B-00C04F79EFBC}") = "pyApi18", "pyApi18\pyApi18.csproj", "{96D442EE-2F19-47F6-B83E-ECA258C0DDD2}"
EndProject
Project("{FAE04EC0-301F-11D3-BF4B-00C04F79EFBC}") = "pyApi21", "pyApi21\pyApi21.csproj", "{1F706156-E69D-4573-A4CC-356A59F2937E}"
EndProject
Project("{FAE04EC0-301F-11D3-BF4B-00C04F79EFBC}") = "pyRevitGirihXPlayground", "pyRevitGirihXPlayground\pyRevitGirihXPlayground.csproj", "{77736843-8BC4-4B45-BD4D-150820B913D6}"
EndProject
Global
	GlobalSection(SolutionConfigurationPlatforms) = preSolution
		Debug_2018|Any CPU = Debug_2018|Any CPU
		Debug_2019|Any CPU = Debug_2019|Any CPU
		Debug_2020|Any CPU = Debug_2020|Any CPU
		Debug_2021|Any CPU = Debug_2021|Any CPU
		Debug_2022|Any CPU = Debug_2022|Any CPU
		Debug_2023|Any CPU = Debug_2023|Any CPU
		Debug_2024|Any CPU = Debug_2024|Any CPU
		Debug|Any CPU = Debug|Any CPU
		Release|Any CPU = Release|Any CPU
	EndGlobalSection
	GlobalSection(ProjectConfigurationPlatforms) = postSolution
		{96D442EE-2F19-47F6-B83E-ECA258C0DDD2}.Debug_2018|Any CPU.ActiveCfg = Debug|Any CPU
		{96D442EE-2F19-47F6-B83E-ECA258C0DDD2}.Debug_2018|Any CPU.Build.0 = Debug|Any CPU
		{96D442EE-2F19-47F6-B83E-ECA258C0DDD2}.Debug_2019|Any CPU.ActiveCfg = Debug|Any CPU
		{96D442EE-2F19-47F6-B83E-ECA258C0DDD2}.Debug_2019|Any CPU.Build.0 = Debug|Any CPU
		{96D442EE-2F19-47F6-B83E-ECA258C0DDD2}.Debug_2020|Any CPU.ActiveCfg = Debug|Any CPU
		{96D442EE-2F19-47F6-B83E-ECA258C0DDD2}.Debug_2020|Any CPU.Build.0 = Debug|Any CPU
		{96D442EE-2F19-47F6-B83E-ECA258C0DDD2}.Debug_2021|Any CPU.ActiveCfg = Debug|Any CPU
		{96D442EE-2F19-47F6-B83E-ECA258C0DDD2}.Debug_2021|Any CPU.Build.0 = Debug|Any CPU
		{96D442EE-2F19-47F6-B83E-ECA258C0DDD2}.Debug_2022|Any CPU.ActiveCfg = Debug|Any CPU
		{96D442EE-2F19-47F6-B83E-ECA258C0DDD2}.Debug_2022|Any CPU.Build.0 = Debug|Any CPU
		{96D442EE-2F19-47F6-B83E-ECA258C0DDD2}.Debug_2023|Any CPU.ActiveCfg = Debug|Any CPU
		{96D442EE-2F19-47F6-B83E-ECA258C0DDD2}.Debug_2023|Any CPU.Build.0 = Debug|Any CPU
		{96D442EE-2F19-47F6-B83E-ECA258C0DDD2}.Debug_2024|Any CPU.ActiveCfg = Debug|Any CPU
		{96D442EE-2F19-47F6-B83E-ECA258C0DDD2}.Debug_2024|Any CPU.Build.0 = Debug|Any CPU
		{96D442EE-2F19-47F6-B83E-ECA258C0DDD2}.Debug|Any CPU.ActiveCfg = Debug|Any CPU
		{96D442EE-2F19-47F6-B83E-ECA258C0DDD2}.Debug|Any CPU.Build.0 = Debug|Any CPU
		{96D442EE-2F19-47F6-B83E-ECA258C0DDD2}.Release|Any CPU.ActiveCfg = Release|Any CPU
		{96D442EE-2F19-47F6-B83E-ECA258C0DDD2}.Release|Any CPU.Build.0 = Release|Any CPU
		{1F706156-E69D-4573-A4CC-356A59F2937E}.Debug_2018|Any CPU.ActiveCfg = Debug|Any CPU
		{1F706156-E69D-4573-A4CC-356A59F2937E}.Debug_2018|Any CPU.Build.0 = Debug|Any CPU
		{1F706156-E69D-4573-A4CC-356A59F2937E}.Debug_2019|Any CPU.ActiveCfg = Debug|Any CPU
		{1F706156-E69D-4573-A4CC-356A59F2937E}.Debug_2019|Any CPU.Build.0 = Debug|Any CPU
		{1F706156-E69D-4573-A4CC-356A59F2937E}.Debug_2020|Any CPU.ActiveCfg = Debug|Any CPU
		{1F706156-E69D-4573-A4CC-356A59F2937E}.Debug_2020|Any CPU.Build.0 = Debug|Any CPU
		{1F706156-E69D-4573-A4CC-356A59F2937E}.Debug_2021|Any CPU.ActiveCfg = Debug|Any CPU
		{1F706156-E69D-4573-A4CC-356A59F2937E}.Debug_2021|Any CPU.Build.0 = Debug|Any CPU
		{1F706156-E69D-4573-A4CC-356A59F2937E}.Debug_2022|Any CPU.ActiveCfg = Debug|Any CPU
		{1F706156-E69D-4573-A4CC-356A59F2937E}.Debug_2022|Any CPU.Build.0 = Debug|Any CPU
		{1F706156-E69D-4573-A4CC-356A59F2937E}.Debug_2023|Any CPU.ActiveCfg = Debug|Any CPU
		{1F706156-E69D-4573-A4CC-356A59F2937E}.Debug_2023|Any CPU.Build.0 = Debug|Any CPU
		{1F706156-E69D-4573-A4CC-356A59F2937E}.Debug_2024|Any CPU.ActiveCfg = Debug|Any CPU
		{1F706156-E69D-4573-A4CC-356A59F2937E}.Debug_2024|Any CPU.Build.0 = Debug|Any CPU
		{1F706156-E69D-4573-A4CC-356A59F2937E}.Debug|Any CPU.ActiveCfg = Debug|Any CPU
		{1F706156-E69D-4573-A4CC-356A59F2937E}.Debug|Any CPU.Build.0 = Debug|Any CPU
		{1F706156-E69D-4573-A4CC-356A59F2937E}.Release|Any CPU.ActiveCfg = Release|Any CPU
		{1F706156-E69D-4573-A4CC-356A59F2937E}.Release|Any CPU.Build.0 = Release|Any CPU
		{77736843-8BC4-4B45-BD4D-150820B913D6}.Debug_2018|Any CPU.ActiveCfg = Debug_2018|Any CPU
		{77736843-8BC4-4B45-BD4D-150820B913D6}.Debug_2018|Any CPU.Build.0 = Debug_2018|Any CPU
		{77736843-8BC4-4B45-BD4D-150820B913D6}.Debug_2019|Any CPU.ActiveCfg = Debug_2019|Any CPU
		{77736843-8BC4-4B45-BD4D-150820B913D6}.Debug_2019|Any CPU.Build.0 = Debug_2019|Any CPU
		{77736843-8BC4-4B45-BD4D-150820B913D6}.Debug_2020|Any CPU.ActiveCfg = Debug_2020|Any CPU
		{77736843-8BC4-4B45-BD4D-150820B913D6}.Debug_2020|Any CPU.Build.0 = Debug_2020|Any CPU
		{77736843-8BC4-4B45-BD4D-150820B913D6}.Debug_2021|Any CPU.ActiveCfg = Debug_2021|Any CPU
		{77736843-8BC4-4B45-BD4D-150820B913D6}.Debug_2021|Any CPU.Build.0 = Debug_2021|Any CPU
		{77736843-8BC4-4B45-BD4D-150820B913D6}.Debug_2022|Any CPU.ActiveCfg = Debug_2022|Any CPU
		{77736843-8BC4-4B45-BD4D-150820B913D6}.Debug_2022|Any CPU.Build.0 = Debug_2022|Any CPU
		{77736843-8BC4-4B45-BD4D-150820B913D6}.Debug_2023|Any CPU.ActiveCfg = Debug_2023|Any CPU
		{77736843-8BC4-4B45-BD4D-150820B913D6}.Debug_2023|Any CPU.Build.0 = Debug_2023|Any CPU
		{77736843-8BC4-4B45-BD4D-150820B913D6}.Debug_2024|Any CPU.ActiveCfg = Debug_2024|Any CPU
		{77736843-8BC4-4B45-BD4D-150820B913D6}.Debug_2024|Any CPU.Build.0 = Debug_2024|Any CPU
		{77736843-8BC4-4B45-BD4D-150820B913D6}.Debug|Any CPU.ActiveCfg = Debug_2018|Any CPU
		{77736843-8BC4-4B45-BD4D-150820B913D6}.Debug|Any CPU.Build.0 = Debug_2018|Any CPU
		{77736843-8BC4-4B45-BD4D-150820B913D6}.Release|Any CPU.ActiveCfg = Release|Any CPU
		{77736843-8BC4-4B45-BD4D-150820B913D6}.Release|Any CPU.Build.0 = Release|Any CPU
	EndGlobalSection
	GlobalSection(SolutionProperties) = preSolution
		HideSolutionNode = FALSE
	EndGlobalSection
	GlobalSection(ExtensibilityGlobals) = postSolution
		SolutionGuid = {DE39EF59-B7A9-483B-BFDD-2799DFBAF02F}
	EndGlobalSection
EndGlobal
